
Microsoft Visual Studio Solution File, Format Version 12.00
# Visual Studio Version 17
VisualStudioVersion = 17.0.31903.59
MinimumVisualStudioVersion = 10.0.40219.1
Project("{FAE04EC0-301F-11D3-BF4B-00C04F79EFBC}") = "Porfolio.Web", "Porfolio.Web\Porfolio.Web.csproj", "{0B60CC87-744D-6053-1783-3B2625F84DB9}"
EndProject
Global
	GlobalSection(SolutionConfigurationPlatforms) = preSolution
		Debug|Any CPU = Debug|Any CPU
		Release|Any CPU = Release|Any CPU
	EndGlobalSection
	GlobalSection(ProjectConfigurationPlatforms) = postSolution
		{0B60CC87-744D-6053-1783-3B2625F84DB9}.Debug|Any CPU.ActiveCfg = Debug|Any CPU
		{0B60CC87-744D-6053-1783-3B2625F84DB9}.Debug|Any CPU.Build.0 = Debug|Any CPU
		{0B60CC87-744D-6053-1783-3B2625F84DB9}.Release|Any CPU.ActiveCfg = Release|Any CPU
		{0B60CC87-744D-6053-1783-3B2625F84DB9}.Release|Any CPU.Build.0 = Release|Any CPU
	EndGlobalSection
	GlobalSection(SolutionProperties) = preSolution
		HideSolutionNode = FALSE
	EndGlobalSection
	GlobalSection(ExtensibilityGlobals) = postSolution
		SolutionGuid = {5B2455E4-FA79-441E-BFF3-4BED849DB990}
	EndGlobalSection
EndGlobal
