Microsoft Visual Studio Solution File, Format Version 12.00
# Visual Studio Version 17
VisualStudioVersion = 17.5.2.0
MinimumVisualStudioVersion = 10.0.40219.1
Project("{FAE04EC0-301F-11D3-BF4B-00C04F79EFBC}") = "Porfolio.Web", "Porfolio.Web.csproj", "{F4EC765E-30DF-65EA-E030-CE11A824D11A}"
EndProject
Global
	GlobalSection(SolutionConfigurationPlatforms) = preSolution
		Debug|Any CPU = Debug|Any CPU
		Release|Any CPU = Release|Any CPU
	EndGlobalSection
	GlobalSection(ProjectConfigurationPlatforms) = postSolution
		{F4EC765E-30DF-65EA-E030-CE11A824D11A}.Debug|Any CPU.ActiveCfg = Debug|Any CPU
		{F4EC765E-30DF-65EA-E030-CE11A824D11A}.Debug|Any CPU.Build.0 = Debug|Any CPU
		{F4EC765E-30DF-65EA-E030-CE11A824D11A}.Release|Any CPU.ActiveCfg = Release|Any CPU
		{F4EC765E-30DF-65EA-E030-CE11A824D11A}.Release|Any CPU.Build.0 = Release|Any CPU
	EndGlobalSection
	GlobalSection(SolutionProperties) = preSolution
		HideSolutionNode = FALSE
	EndGlobalSection
	GlobalSection(ExtensibilityGlobals) = postSolution
		SolutionGuid = {E2CDD489-FF27-4CF0-A8D1-CC6940167BC8}
	EndGlobalSection
EndGlobal
